
Microsoft Visual Studio Solution File, Format Version 12.00
# Visual Studio Version 16
VisualStudioVersion = 16.0.33027.164
MinimumVisualStudioVersion = 10.0.40219.1
Project("{8BC9CEB8-8B4A-11D0-8D11-00A0C91BC942}") = "Merge_Sort_algo", "Merge_Sort_algo\Merge_Sort_algo.vcxproj", "{FF044999-55BB-42B2-9A27-4B2CFFF44570}"
EndProject
Global
	GlobalSection(SolutionConfigurationPlatforms) = preSolution
		Debug|x64 = Debug|x64
		Debug|x86 = Debug|x86
		Release|x64 = Release|x64
		Release|x86 = Release|x86
	EndGlobalSection
	GlobalSection(ProjectConfigurationPlatforms) = postSolution
		{FF044999-55BB-42B2-9A27-4B2CFFF44570}.Debug|x64.ActiveCfg = Debug|x64
		{FF044999-55BB-42B2-9A27-4B2CFFF44570}.Debug|x64.Build.0 = Debug|x64
		{FF044999-55BB-42B2-9A27-4B2CFFF44570}.Debug|x86.ActiveCfg = Debug|Win32
		{FF044999-55BB-42B2-9A27-4B2CFFF44570}.Debug|x86.Build.0 = Debug|Win32
		{FF044999-55BB-42B2-9A27-4B2CFFF44570}.Release|x64.ActiveCfg = Release|x64
		{FF044999-55BB-42B2-9A27-4B2CFFF44570}.Release|x64.Build.0 = Release|x64
		{FF044999-55BB-42B2-9A27-4B2CFFF44570}.Release|x86.ActiveCfg = Release|Win32
		{FF044999-55BB-42B2-9A27-4B2CFFF44570}.Release|x86.Build.0 = Release|Win32
	EndGlobalSection
	GlobalSection(SolutionProperties) = preSolution
		HideSolutionNode = FALSE
	EndGlobalSection
	GlobalSection(ExtensibilityGlobals) = postSolution
		SolutionGuid = {D13A79C4-3CC9-4690-B5C9-7DB62DC05B80}
	EndGlobalSection
EndGlobal
